
Microsoft Visual Studio Solution File, Format Version 12.00
# Visual Studio Version 17
VisualStudioVersion = 17.9.34607.119
MinimumVisualStudioVersion = 10.0.40219.1
Project("{FAE04EC0-301F-11D3-BF4B-00C04F79EFBC}") = "Basket.Host", "src\Basket.Host\Basket.Host.csproj", "{69FD9FB7-FE70-40C1-BF7B-A29D336D517A}"
EndProject
Global
	GlobalSection(SolutionConfigurationPlatforms) = preSolution
		Debug|Any CPU = Debug|Any CPU
		Release|Any CPU = Release|Any CPU
	EndGlobalSection
	GlobalSection(ProjectConfigurationPlatforms) = postSolution
		{69FD9FB7-FE70-40C1-BF7B-A29D336D517A}.Debug|Any CPU.ActiveCfg = Debug|Any CPU
		{69FD9FB7-FE70-40C1-BF7B-A29D336D517A}.Debug|Any CPU.Build.0 = Debug|Any CPU
		{69FD9FB7-FE70-40C1-BF7B-A29D336D517A}.Release|Any CPU.ActiveCfg = Release|Any CPU
		{69FD9FB7-FE70-40C1-BF7B-A29D336D517A}.Release|Any CPU.Build.0 = Release|Any CPU
	EndGlobalSection
	GlobalSection(SolutionProperties) = preSolution
		HideSolutionNode = FALSE
	EndGlobalSection
	GlobalSection(ExtensibilityGlobals) = postSolution
		SolutionGuid = {BBC91449-283E-4BA9-AE28-EB6F31FE451B}
	EndGlobalSection
EndGlobal
